
Microsoft Visual Studio Solution File, Format Version 12.00
# Visual Studio 15
VisualStudioVersion = 15.0.28010.0
MinimumVisualStudioVersion = 10.0.40219.1
Project("{8BC9CEB8-8B4A-11D0-8D11-00A0C91BC942}") = "ConsoleApplication1", "ConsoleApplication1\ConsoleApplication1.vcxproj", "{674D3AA4-6171-4B8B-9012-67C33E734F52}"
EndProject
Global
	GlobalSection(SolutionConfigurationPlatforms) = preSolution
		Debug|x64 = Debug|x64
		Debug|x86 = Debug|x86
		Release|x64 = Release|x64
		Release|x86 = Release|x86
	EndGlobalSection
	GlobalSection(ProjectConfigurationPlatforms) = postSolution
		{674D3AA4-6171-4B8B-9012-67C33E734F52}.Debug|x64.ActiveCfg = Debug|x64
		{674D3AA4-6171-4B8B-9012-67C33E734F52}.Debug|x64.Build.0 = Debug|x64
		{674D3AA4-6171-4B8B-9012-67C33E734F52}.Debug|x86.ActiveCfg = Debug|Win32
		{674D3AA4-6171-4B8B-9012-67C33E734F52}.Debug|x86.Build.0 = Debug|Win32
		{674D3AA4-6171-4B8B-9012-67C33E734F52}.Release|x64.ActiveCfg = Release|x64
		{674D3AA4-6171-4B8B-9012-67C33E734F52}.Release|x64.Build.0 = Release|x64
		{674D3AA4-6171-4B8B-9012-67C33E734F52}.Release|x86.ActiveCfg = Release|Win32
		{674D3AA4-6171-4B8B-9012-67C33E734F52}.Release|x86.Build.0 = Release|Win32
	EndGlobalSection
	GlobalSection(SolutionProperties) = preSolution
		HideSolutionNode = FALSE
	EndGlobalSection
	GlobalSection(ExtensibilityGlobals) = postSolution
		SolutionGuid = {C5A7E0A7-8C14-43B8-A884-248D25530D14}
	EndGlobalSection
EndGlobal
